// !$*UTF8*$!
{
	archiveVersion = 1;
	classes = {
	};
	objectVersion = 51;
	objects = {

/* Begin PBXBuildFile section */
		736C720A25CFD89900720DEA /* empty-face.json in Resources */ = {isa = PBXBuildFile; fileRef = 736C720925CFD89900720DEA /* empty-face.json */; };
		736C721B25CFE8E200720DEA /* LottieView.swift in Sources */ = {isa = PBXBuildFile; fileRef = 736C721A25CFE8E200720DEA /* LottieView.swift */; };
		738B1C1825C65DFE0067407B /* ExpensoApp.swift in Sources */ = {isa = PBXBuildFile; fileRef = 738B1C1725C65DFE0067407B /* ExpensoApp.swift */; };
		738B1C1C25C65E060067407B /* Assets.xcassets in Resources */ = {isa = PBXBuildFile; fileRef = 738B1C1B25C65E060067407B /* Assets.xcassets */; };
		738B1C1F25C65E060067407B /* Preview Assets.xcassets in Resources */ = {isa = PBXBuildFile; fileRef = 738B1C1E25C65E060067407B /* Preview Assets.xcassets */; };
		738B1C2425C65E060067407B /* Expenso.xcdatamodeld in Sources */ = {isa = PBXBuildFile; fileRef = 738B1C2225C65E060067407B /* Expenso.xcdatamodeld */; };
		738B1C2F25C65EF70067407B /* Configs.swift in Sources */ = {isa = PBXBuildFile; fileRef = 738B1C2E25C65EF70067407B /* Configs.swift */; };
		738B1C3325C660140067407B /* ExpenseCD.swift in Sources */ = {isa = PBXBuildFile; fileRef = 738B1C3225C660140067407B /* ExpenseCD.swift */; };
		738B1C3825C661750067407B /* ExpenseView.swift in Sources */ = {isa = PBXBuildFile; fileRef = 738B1C3725C661750067407B /* ExpenseView.swift */; };
		738B1C3C25C662580067407B /* Models.swift in Sources */ = {isa = PBXBuildFile; fileRef = 738B1C3B25C662580067407B /* Models.swift */; };
		738B1C4025C662890067407B /* InterFontModifier.swift in Sources */ = {isa = PBXBuildFile; fileRef = 738B1C3F25C662890067407B /* InterFontModifier.swift */; };
		738B1C4325C6629D0067407B /* ColorExtension.swift in Sources */ = {isa = PBXBuildFile; fileRef = 738B1C4225C6629C0067407B /* ColorExtension.swift */; };
		738B1C4625C662D90067407B /* TextView.swift in Sources */ = {isa = PBXBuildFile; fileRef = 738B1C4525C662D90067407B /* TextView.swift */; };
		738B1C4925C662F20067407B /* DropdownButton.swift in Sources */ = {isa = PBXBuildFile; fileRef = 738B1C4825C662F20067407B /* DropdownButton.swift */; };
		738B1C4C25C663060067407B /* DismissKeyboard.swift in Sources */ = {isa = PBXBuildFile; fileRef = 738B1C4B25C663060067407B /* DismissKeyboard.swift */; };
		738B1C4F25C663180067407B /* DateExtension.swift in Sources */ = {isa = PBXBuildFile; fileRef = 738B1C4E25C663180067407B /* DateExtension.swift */; };
		738B1C5225C6632F0067407B /* HelperMethods.swift in Sources */ = {isa = PBXBuildFile; fileRef = 738B1C5125C6632F0067407B /* HelperMethods.swift */; };
		738B1C5F25C671A80067407B /* Inter-ExtraLight.ttf in Resources */ = {isa = PBXBuildFile; fileRef = 738B1C5525C671A70067407B /* Inter-ExtraLight.ttf */; };
		738B1C6025C671A80067407B /* Inter-Black.ttf in Resources */ = {isa = PBXBuildFile; fileRef = 738B1C5625C671A70067407B /* Inter-Black.ttf */; };
		738B1C6125C671A80067407B /* Inter-Medium.ttf in Resources */ = {isa = PBXBuildFile; fileRef = 738B1C5725C671A80067407B /* Inter-Medium.ttf */; };
		738B1C6225C671A80067407B /* Inter-SemiBold.ttf in Resources */ = {isa = PBXBuildFile; fileRef = 738B1C5825C671A80067407B /* Inter-SemiBold.ttf */; };
		738B1C6325C671A80067407B /* Inter-Bold.ttf in Resources */ = {isa = PBXBuildFile; fileRef = 738B1C5925C671A80067407B /* Inter-Bold.ttf */; };
		738B1C6425C671A80067407B /* OFL.txt in Resources */ = {isa = PBXBuildFile; fileRef = 738B1C5A25C671A80067407B /* OFL.txt */; };
		738B1C6525C671A80067407B /* Inter-ExtraBold.ttf in Resources */ = {isa = PBXBuildFile; fileRef = 738B1C5B25C671A80067407B /* Inter-ExtraBold.ttf */; };
		738B1C6625C671A80067407B /* Inter-Light.ttf in Resources */ = {isa = PBXBuildFile; fileRef = 738B1C5C25C671A80067407B /* Inter-Light.ttf */; };
		738B1C6725C671A80067407B /* Inter-Thin.ttf in Resources */ = {isa = PBXBuildFile; fileRef = 738B1C5D25C671A80067407B /* Inter-Thin.ttf */; };
		738B1C6825C671A80067407B /* Inter-Regular.ttf in Resources */ = {isa = PBXBuildFile; fileRef = 738B1C5E25C671A80067407B /* Inter-Regular.ttf */; };
		738B1C6C25C673FC0067407B /* ExpenseCSVModel.swift in Sources */ = {isa = PBXBuildFile; fileRef = 738B1C6B25C673FC0067407B /* ExpenseCSVModel.swift */; };
		738B1C7025C674120067407B /* ExpenseSettingsViewModel.swift in Sources */ = {isa = PBXBuildFile; fileRef = 738B1C6F25C674120067407B /* ExpenseSettingsViewModel.swift */; };
		738B1C7325C674320067407B /* ExpenseSettingsView.swift in Sources */ = {isa = PBXBuildFile; fileRef = 738B1C7225C674320067407B /* ExpenseSettingsView.swift */; };
		738B1C7725C675200067407B /* AddExpenseView.swift in Sources */ = {isa = PBXBuildFile; fileRef = 738B1C7625C675200067407B /* AddExpenseView.swift */; };
		738B1C7B25C6752E0067407B /* AddExpenseViewModel.swift in Sources */ = {isa = PBXBuildFile; fileRef = 738B1C7A25C6752E0067407B /* AddExpenseViewModel.swift */; };
		738B1C8025C6763E0067407B /* ExpenseDetailedView.swift in Sources */ = {isa = PBXBuildFile; fileRef = 738B1C7F25C6763E0067407B /* ExpenseDetailedView.swift */; };
		738B1C8425C6764B0067407B /* ExpenseDetailedViewModel.swift in Sources */ = {isa = PBXBuildFile; fileRef = 738B1C8325C6764B0067407B /* ExpenseDetailedViewModel.swift */; };
		738B1C8B25C67D880067407B /* ExpenseFilterView.swift in Sources */ = {isa = PBXBuildFile; fileRef = 738B1C8A25C67D880067407B /* ExpenseFilterView.swift */; };
		738B1C9025C680D20067407B /* AboutView.swift in Sources */ = {isa = PBXBuildFile; fileRef = 738B1C8F25C680D20067407B /* AboutView.swift */; };
		73998C5525DA5578007D735B /* AttachmentHandler.swift in Sources */ = {isa = PBXBuildFile; fileRef = 73998C5425DA5578007D735B /* AttachmentHandler.swift */; };
		FF29C9FFAF86E0452686C5D0 /* Pods_Expenso.framework in Frameworks */ = {isa = PBXBuildFile; fileRef = 1B0E373FB89DD0864398FEE7 /* Pods_Expenso.framework */; };
/* End PBXBuildFile section */

/* Begin PBXFileReference section */
		1B0E373FB89DD0864398FEE7 /* Pods_Expenso.framework */ = {isa = PBXFileReference; explicitFileType = wrapper.framework; includeInIndex = 0; path = Pods_Expenso.framework; sourceTree = BUILT_PRODUCTS_DIR; };
		2C2D1600DAC62FA04EDCF170 /* Pods-Expenso.debug.xcconfig */ = {isa = PBXFileReference; includeInIndex = 1; lastKnownFileType = text.xcconfig; name = "Pods-Expenso.debug.xcconfig"; path = "Target Support Files/Pods-Expenso/Pods-Expenso.debug.xcconfig"; sourceTree = "<group>"; };
		736C720925CFD89900720DEA /* empty-face.json */ = {isa = PBXFileReference; fileEncoding = 4; lastKnownFileType = text.json; path = "empty-face.json"; sourceTree = "<group>"; };
		736C721A25CFE8E200720DEA /* LottieView.swift */ = {isa = PBXFileReference; lastKnownFileType = sourcecode.swift; path = LottieView.swift; sourceTree = "<group>"; };
		738B1C1425C65DFE0067407B /* Expenso.app */ = {isa = PBXFileReference; explicitFileType = wrapper.application; includeInIndex = 0; path = Expenso.app; sourceTree = BUILT_PRODUCTS_DIR; };
		738B1C1725C65DFE0067407B /* ExpensoApp.swift */ = {isa = PBXFileReference; lastKnownFileType = sourcecode.swift; path = ExpensoApp.swift; sourceTree = "<group>"; };
		738B1C1B25C65E060067407B /* Assets.xcassets */ = {isa = PBXFileReference; lastKnownFileType = folder.assetcatalog; path = Assets.xcassets; sourceTree = "<group>"; };
		738B1C1E25C65E060067407B /* Preview Assets.xcassets */ = {isa = PBXFileReference; lastKnownFileType = folder.assetcatalog; path = "Preview Assets.xcassets"; sourceTree = "<group>"; };
		738B1C2325C65E060067407B /* Expenso.xcdatamodel */ = {isa = PBXFileReference; lastKnownFileType = wrapper.xcdatamodel; path = Expenso.xcdatamodel; sourceTree = "<group>"; };
		738B1C2525C65E060067407B /* Info.plist */ = {isa = PBXFileReference; lastKnownFileType = text.plist.xml; path = Info.plist; sourceTree = "<group>"; };
		738B1C2E25C65EF70067407B /* Configs.swift */ = {isa = PBXFileReference; lastKnownFileType = sourcecode.swift; path = Configs.swift; sourceTree = "<group>"; };
		738B1C3225C660140067407B /* ExpenseCD.swift */ = {isa = PBXFileReference; lastKnownFileType = sourcecode.swift; path = ExpenseCD.swift; sourceTree = "<group>"; };
		738B1C3725C661750067407B /* ExpenseView.swift */ = {isa = PBXFileReference; lastKnownFileType = sourcecode.swift; path = ExpenseView.swift; sourceTree = "<group>"; };
		738B1C3B25C662580067407B /* Models.swift */ = {isa = PBXFileReference; lastKnownFileType = sourcecode.swift; path = Models.swift; sourceTree = "<group>"; };
		738B1C3F25C662890067407B /* InterFontModifier.swift */ = {isa = PBXFileReference; lastKnownFileType = sourcecode.swift; path = InterFontModifier.swift; sourceTree = "<group>"; };
		738B1C4225C6629C0067407B /* ColorExtension.swift */ = {isa = PBXFileReference; lastKnownFileType = sourcecode.swift; path = ColorExtension.swift; sourceTree = "<group>"; };
		738B1C4525C662D90067407B /* TextView.swift */ = {isa = PBXFileReference; lastKnownFileType = sourcecode.swift; path = TextView.swift; sourceTree = "<group>"; };
		738B1C4825C662F20067407B /* DropdownButton.swift */ = {isa = PBXFileReference; lastKnownFileType = sourcecode.swift; path = DropdownButton.swift; sourceTree = "<group>"; };
		738B1C4B25C663060067407B /* DismissKeyboard.swift */ = {isa = PBXFileReference; lastKnownFileType = sourcecode.swift; path = DismissKeyboard.swift; sourceTree = "<group>"; };
		738B1C4E25C663180067407B /* DateExtension.swift */ = {isa = PBXFileReference; lastKnownFileType = sourcecode.swift; path = DateExtension.swift; sourceTree = "<group>"; };
		738B1C5125C6632F0067407B /* HelperMethods.swift */ = {isa = PBXFileReference; lastKnownFileType = sourcecode.swift; path = HelperMethods.swift; sourceTree = "<group>"; };
		738B1C5525C671A70067407B /* Inter-ExtraLight.ttf */ = {isa = PBXFileReference; lastKnownFileType = file; path = "Inter-ExtraLight.ttf"; sourceTree = "<group>"; };
		738B1C5625C671A70067407B /* Inter-Black.ttf */ = {isa = PBXFileReference; lastKnownFileType = file; path = "Inter-Black.ttf"; sourceTree = "<group>"; };
		738B1C5725C671A80067407B /* Inter-Medium.ttf */ = {isa = PBXFileReference; lastKnownFileType = file; path = "Inter-Medium.ttf"; sourceTree = "<group>"; };
		738B1C5825C671A80067407B /* Inter-SemiBold.ttf */ = {isa = PBXFileReference; lastKnownFileType = file; path = "Inter-SemiBold.ttf"; sourceTree = "<group>"; };
		738B1C5925C671A80067407B /* Inter-Bold.ttf */ = {isa = PBXFileReference; lastKnownFileType = file; path = "Inter-Bold.ttf"; sourceTree = "<group>"; };
		738B1C5A25C671A80067407B /* OFL.txt */ = {isa = PBXFileReference; fileEncoding = 4; lastKnownFileType = text; path = OFL.txt; sourceTree = "<group>"; };
		738B1C5B25C671A80067407B /* Inter-ExtraBold.ttf */ = {isa = PBXFileReference; lastKnownFileType = file; path = "Inter-ExtraBold.ttf"; sourceTree = "<group>"; };
		738B1C5C25C671A80067407B /* Inter-Light.ttf */ = {isa = PBXFileReference; lastKnownFileType = file; path = "Inter-Light.ttf"; sourceTree = "<group>"; };
		738B1C5D25C671A80067407B /* Inter-Thin.ttf */ = {isa = PBXFileReference; lastKnownFileType = file; path = "Inter-Thin.ttf"; sourceTree = "<group>"; };
		738B1C5E25C671A80067407B /* Inter-Regular.ttf */ = {isa = PBXFileReference; lastKnownFileType = file; path = "Inter-Regular.ttf"; sourceTree = "<group>"; };
		738B1C6B25C673FC0067407B /* ExpenseCSVModel.swift */ = {isa = PBXFileReference; lastKnownFileType = sourcecode.swift; path = ExpenseCSVModel.swift; sourceTree = "<group>"; };
		738B1C6F25C674120067407B /* ExpenseSettingsViewModel.swift */ = {isa = PBXFileReference; lastKnownFileType = sourcecode.swift; path = ExpenseSettingsViewModel.swift; sourceTree = "<group>"; };
		738B1C7225C674320067407B /* ExpenseSettingsView.swift */ = {isa = PBXFileReference; lastKnownFileType = sourcecode.swift; path = ExpenseSettingsView.swift; sourceTree = "<group>"; };
		738B1C7625C675200067407B /* AddExpenseView.swift */ = {isa = PBXFileReference; lastKnownFileType = sourcecode.swift; path = AddExpenseView.swift; sourceTree = "<group>"; };
		738B1C7A25C6752E0067407B /* AddExpenseViewModel.swift */ = {isa = PBXFileReference; lastKnownFileType = sourcecode.swift; path = AddExpenseViewModel.swift; sourceTree = "<group>"; };
		738B1C7F25C6763E0067407B /* ExpenseDetailedView.swift */ = {isa = PBXFileReference; lastKnownFileType = sourcecode.swift; path = ExpenseDetailedView.swift; sourceTree = "<group>"; };
		738B1C8325C6764B0067407B /* ExpenseDetailedViewModel.swift */ = {isa = PBXFileReference; lastKnownFileType = sourcecode.swift; path = ExpenseDetailedViewModel.swift; sourceTree = "<group>"; };
		738B1C8A25C67D880067407B /* ExpenseFilterView.swift */ = {isa = PBXFileReference; lastKnownFileType = sourcecode.swift; path = ExpenseFilterView.swift; sourceTree = "<group>"; };
		738B1C8F25C680D20067407B /* AboutView.swift */ = {isa = PBXFileReference; lastKnownFileType = sourcecode.swift; path = AboutView.swift; sourceTree = "<group>"; };
		73998C5425DA5578007D735B /* AttachmentHandler.swift */ = {isa = PBXFileReference; lastKnownFileType = sourcecode.swift; path = AttachmentHandler.swift; sourceTree = "<group>"; };
		B07E4D1AF457AB52E048A8B5 /* Pods-Expenso.release.xcconfig */ = {isa = PBXFileReference; includeInIndex = 1; lastKnownFileType = text.xcconfig; name = "Pods-Expenso.release.xcconfig"; path = "Target Support Files/Pods-Expenso/Pods-Expenso.release.xcconfig"; sourceTree = "<group>"; };
/* End PBXFileReference section */

/* Begin PBXFrameworksBuildPhase section */
		738B1C1125C65DFE0067407B /* Frameworks */ = {
			isa = PBXFrameworksBuildPhase;
			buildActionMask = 2147483647;
			files = (
				FF29C9FFAF86E0452686C5D0 /* Pods_Expenso.framework in Frameworks */,
			);
			runOnlyForDeploymentPostprocessing = 0;
		};
/* End PBXFrameworksBuildPhase section */

/* Begin PBXGroup section */
		736C720825CFD82900720DEA /* Animations */ = {
			isa = PBXGroup;
			children = (
				736C720925CFD89900720DEA /* empty-face.json */,
			);
			path = Animations;
			sourceTree = "<group>";
		};
		738B1C0B25C65DFE0067407B = {
			isa = PBXGroup;
			children = (
				738B1C1625C65DFE0067407B /* Expenso */,
				738B1C1525C65DFE0067407B /* Products */,
				8750B56D6AA40715F5AA8490 /* Pods */,
				797DEE244C92A7FEC658698F /* Frameworks */,
			);
			sourceTree = "<group>";
		};
		738B1C1525C65DFE0067407B /* Products */ = {
			isa = PBXGroup;
			children = (
				738B1C1425C65DFE0067407B /* Expenso.app */,
			);
			name = Products;
			sourceTree = "<group>";
		};
		738B1C1625C65DFE0067407B /* Expenso */ = {
			isa = PBXGroup;
			children = (
				736C720825CFD82900720DEA /* Animations */,
				738B1C8E25C680C50067407B /* About */,
				738B1C8925C67D790067407B /* ExpenseFilter */,
				738B1C7D25C675FA0067407B /* ExpenseDetailed */,
				738B1C7525C6750F0067407B /* AddExpense */,
				738B1C6A25C673EB0067407B /* ExpenseSettings */,
				738B1C5425C671680067407B /* Inter */,
				738B1C3A25C662060067407B /* Helpers */,
				738B1C3625C661580067407B /* Expense */,
				738B1C3125C660070067407B /* CoreData */,
				738B1C1725C65DFE0067407B /* ExpensoApp.swift */,
				738B1C1B25C65E060067407B /* Assets.xcassets */,
				738B1C2525C65E060067407B /* Info.plist */,
				738B1C2225C65E060067407B /* Expenso.xcdatamodeld */,
				738B1C1D25C65E060067407B /* Preview Content */,
				738B1C2E25C65EF70067407B /* Configs.swift */,
			);
			path = Expenso;
			sourceTree = "<group>";
		};
		738B1C1D25C65E060067407B /* Preview Content */ = {
			isa = PBXGroup;
			children = (
				738B1C1E25C65E060067407B /* Preview Assets.xcassets */,
			);
			path = "Preview Content";
			sourceTree = "<group>";
		};
		738B1C3125C660070067407B /* CoreData */ = {
			isa = PBXGroup;
			children = (
				738B1C3225C660140067407B /* ExpenseCD.swift */,
			);
			path = CoreData;
			sourceTree = "<group>";
		};
		738B1C3625C661580067407B /* Expense */ = {
			isa = PBXGroup;
			children = (
				738B1C3725C661750067407B /* ExpenseView.swift */,
			);
			path = Expense;
			sourceTree = "<group>";
		};
		738B1C3A25C662060067407B /* Helpers */ = {
			isa = PBXGroup;
			children = (
				738B1C3B25C662580067407B /* Models.swift */,
				738B1C3F25C662890067407B /* InterFontModifier.swift */,
				738B1C4225C6629C0067407B /* ColorExtension.swift */,
				738B1C4525C662D90067407B /* TextView.swift */,
				738B1C4825C662F20067407B /* DropdownButton.swift */,
				738B1C4B25C663060067407B /* DismissKeyboard.swift */,
				738B1C4E25C663180067407B /* DateExtension.swift */,
				738B1C5125C6632F0067407B /* HelperMethods.swift */,
				736C721A25CFE8E200720DEA /* LottieView.swift */,
				73998C5425DA5578007D735B /* AttachmentHandler.swift */,
			);
			path = Helpers;
			sourceTree = "<group>";
		};
		738B1C5425C671680067407B /* Inter */ = {
			isa = PBXGroup;
			children = (
				738B1C5625C671A70067407B /* Inter-Black.ttf */,
				738B1C5925C671A80067407B /* Inter-Bold.ttf */,
				738B1C5B25C671A80067407B /* Inter-ExtraBold.ttf */,
				738B1C5525C671A70067407B /* Inter-ExtraLight.ttf */,
				738B1C5C25C671A80067407B /* Inter-Light.ttf */,
				738B1C5725C671A80067407B /* Inter-Medium.ttf */,
				738B1C5E25C671A80067407B /* Inter-Regular.ttf */,
				738B1C5825C671A80067407B /* Inter-SemiBold.ttf */,
				738B1C5D25C671A80067407B /* Inter-Thin.ttf */,
				738B1C5A25C671A80067407B /* OFL.txt */,
			);
			path = Inter;
			sourceTree = "<group>";
		};
		738B1C6A25C673EB0067407B /* ExpenseSettings */ = {
			isa = PBXGroup;
			children = (
				738B1C6B25C673FC0067407B /* ExpenseCSVModel.swift */,
				738B1C6F25C674120067407B /* ExpenseSettingsViewModel.swift */,
				738B1C7225C674320067407B /* ExpenseSettingsView.swift */,
			);
			path = ExpenseSettings;
			sourceTree = "<group>";
		};
		738B1C7525C6750F0067407B /* AddExpense */ = {
			isa = PBXGroup;
			children = (
				738B1C7625C675200067407B /* AddExpenseView.swift */,
				738B1C7A25C6752E0067407B /* AddExpenseViewModel.swift */,
			);
			path = AddExpense;
			sourceTree = "<group>";
		};
		738B1C7D25C675FA0067407B /* ExpenseDetailed */ = {
			isa = PBXGroup;
			children = (
				738B1C7F25C6763E0067407B /* ExpenseDetailedView.swift */,
				738B1C8325C6764B0067407B /* ExpenseDetailedViewModel.swift */,
			);
			path = ExpenseDetailed;
			sourceTree = "<group>";
		};
		738B1C8925C67D790067407B /* ExpenseFilter */ = {
			isa = PBXGroup;
			children = (
				738B1C8A25C67D880067407B /* ExpenseFilterView.swift */,
			);
			path = ExpenseFilter;
			sourceTree = "<group>";
		};
		738B1C8E25C680C50067407B /* About */ = {
			isa = PBXGroup;
			children = (
				738B1C8F25C680D20067407B /* AboutView.swift */,
			);
			path = About;
			sourceTree = "<group>";
		};
		797DEE244C92A7FEC658698F /* Frameworks */ = {
			isa = PBXGroup;
			children = (
				1B0E373FB89DD0864398FEE7 /* Pods_Expenso.framework */,
			);
			name = Frameworks;
			sourceTree = "<group>";
		};
		8750B56D6AA40715F5AA8490 /* Pods */ = {
			isa = PBXGroup;
			children = (
				2C2D1600DAC62FA04EDCF170 /* Pods-Expenso.debug.xcconfig */,
				B07E4D1AF457AB52E048A8B5 /* Pods-Expenso.release.xcconfig */,
			);
			path = Pods;
			sourceTree = "<group>";
		};
/* End PBXGroup section */

/* Begin PBXNativeTarget section */
		738B1C1325C65DFE0067407B /* Expenso */ = {
			isa = PBXNativeTarget;
			buildConfigurationList = 738B1C2825C65E060067407B /* Build configuration list for PBXNativeTarget "Expenso" */;
			buildPhases = (
				44BF09B51B528BEC272189A4 /* [CP] Check Pods Manifest.lock */,
				738B1C1025C65DFE0067407B /* Sources */,
				738B1C1125C65DFE0067407B /* Frameworks */,
				738B1C1225C65DFE0067407B /* Resources */,
				F8FE960F810D167038661B40 /* [CP] Embed Pods Frameworks */,
			);
			buildRules = (
			);
			dependencies = (
			);
			name = Expenso;
			productName = Expenso;
			productReference = 738B1C1425C65DFE0067407B /* Expenso.app */;
			productType = "com.apple.product-type.application";
		};
/* End PBXNativeTarget section */

/* Begin PBXProject section */
		738B1C0C25C65DFE0067407B /* Project object */ = {
			isa = PBXProject;
			attributes = {
				LastSwiftUpdateCheck = 1220;
				LastUpgradeCheck = 1220;
				TargetAttributes = {
					738B1C1325C65DFE0067407B = {
						CreatedOnToolsVersion = 12.2;
					};
				};
			};
			buildConfigurationList = 738B1C0F25C65DFE0067407B /* Build configuration list for PBXProject "Expenso" */;
			compatibilityVersion = "Xcode 9.3";
			developmentRegion = en;
			hasScannedForEncodings = 0;
			knownRegions = (
				en,
				Base,
			);
			mainGroup = 738B1C0B25C65DFE0067407B;
			productRefGroup = 738B1C1525C65DFE0067407B /* Products */;
			projectDirPath = "";
			projectRoot = "";
			targets = (
				738B1C1325C65DFE0067407B /* Expenso */,
			);
		};
/* End PBXProject section */

/* Begin PBXResourcesBuildPhase section */
		738B1C1225C65DFE0067407B /* Resources */ = {
			isa = PBXResourcesBuildPhase;
			buildActionMask = 2147483647;
			files = (
				736C720A25CFD89900720DEA /* empty-face.json in Resources */,
				738B1C6625C671A80067407B /* Inter-Light.ttf in Resources */,
				738B1C6225C671A80067407B /* Inter-SemiBold.ttf in Resources */,
				738B1C1F25C65E060067407B /* Preview Assets.xcassets in Resources */,
				738B1C6525C671A80067407B /* Inter-ExtraBold.ttf in Resources */,
				738B1C5F25C671A80067407B /* Inter-ExtraLight.ttf in Resources */,
				738B1C6725C671A80067407B /* Inter-Thin.ttf in Resources */,
				738B1C6325C671A80067407B /* Inter-Bold.ttf in Resources */,
				738B1C1C25C65E060067407B /* Assets.xcassets in Resources */,
				738B1C6125C671A80067407B /* Inter-Medium.ttf in Resources */,
				738B1C6425C671A80067407B /* OFL.txt in Resources */,
				738B1C6825C671A80067407B /* Inter-Regular.ttf in Resources */,
				738B1C6025C671A80067407B /* Inter-Black.ttf in Resources */,
			);
			runOnlyForDeploymentPostprocessing = 0;
		};
/* End PBXResourcesBuildPhase section */

/* Begin PBXShellScriptBuildPhase section */
		44BF09B51B528BEC272189A4 /* [CP] Check Pods Manifest.lock */ = {
			isa = PBXShellScriptBuildPhase;
			buildActionMask = 2147483647;
			files = (
			);
			inputFileListPaths = (
			);
			inputPaths = (
				"${PODS_PODFILE_DIR_PATH}/Podfile.lock",
				"${PODS_ROOT}/Manifest.lock",
			);
			name = "[CP] Check Pods Manifest.lock";
			outputFileListPaths = (
			);
			outputPaths = (
				"$(DERIVED_FILE_DIR)/Pods-Expenso-checkManifestLockResult.txt",
			);
			runOnlyForDeploymentPostprocessing = 0;
			shellPath = /bin/sh;
			shellScript = "diff \"${PODS_PODFILE_DIR_PATH}/Podfile.lock\" \"${PODS_ROOT}/Manifest.lock\" > /dev/null\nif [ $? != 0 ] ; then\n    # print error to STDERR\n    echo \"error: The sandbox is not in sync with the Podfile.lock. Run 'pod install' or update your CocoaPods installation.\" >&2\n    exit 1\nfi\n# This output is used by Xcode 'outputs' to avoid re-running this script phase.\necho \"SUCCESS\" > \"${SCRIPT_OUTPUT_FILE_0}\"\n";
			showEnvVarsInLog = 0;
		};
		F8FE960F810D167038661B40 /* [CP] Embed Pods Frameworks */ = {
			isa = PBXShellScriptBuildPhase;
			buildActionMask = 2147483647;
			files = (
			);
			inputFileListPaths = (
				"${PODS_ROOT}/Target Support Files/Pods-Expenso/Pods-Expenso-frameworks-${CONFIGURATION}-input-files.xcfilelist",
			);
			name = "[CP] Embed Pods Frameworks";
			outputFileListPaths = (
				"${PODS_ROOT}/Target Support Files/Pods-Expenso/Pods-Expenso-frameworks-${CONFIGURATION}-output-files.xcfilelist",
			);
			runOnlyForDeploymentPostprocessing = 0;
			shellPath = /bin/sh;
			shellScript = "\"${PODS_ROOT}/Target Support Files/Pods-Expenso/Pods-Expenso-frameworks.sh\"\n";
			showEnvVarsInLog = 0;
		};
/* End PBXShellScriptBuildPhase section */

/* Begin PBXSourcesBuildPhase section */
		738B1C1025C65DFE0067407B /* Sources */ = {
			isa = PBXSourcesBuildPhase;
			buildActionMask = 2147483647;
			files = (
				738B1C3825C661750067407B /* ExpenseView.swift in Sources */,
				73998C5525DA5578007D735B /* AttachmentHandler.swift in Sources */,
				738B1C8425C6764B0067407B /* ExpenseDetailedViewModel.swift in Sources */,
				738B1C9025C680D20067407B /* AboutView.swift in Sources */,
				738B1C4F25C663180067407B /* DateExtension.swift in Sources */,
				738B1C5225C6632F0067407B /* HelperMethods.swift in Sources */,
				738B1C2425C65E060067407B /* Expenso.xcdatamodeld in Sources */,
				738B1C8B25C67D880067407B /* ExpenseFilterView.swift in Sources */,
				738B1C3325C660140067407B /* ExpenseCD.swift in Sources */,
				738B1C4325C6629D0067407B /* ColorExtension.swift in Sources */,
				738B1C4025C662890067407B /* InterFontModifier.swift in Sources */,
				738B1C3C25C662580067407B /* Models.swift in Sources */,
				738B1C7325C674320067407B /* ExpenseSettingsView.swift in Sources */,
				738B1C4C25C663060067407B /* DismissKeyboard.swift in Sources */,
				738B1C4625C662D90067407B /* TextView.swift in Sources */,
				738B1C7B25C6752E0067407B /* AddExpenseViewModel.swift in Sources */,
				738B1C1825C65DFE0067407B /* ExpensoApp.swift in Sources */,
				738B1C6C25C673FC0067407B /* ExpenseCSVModel.swift in Sources */,
				738B1C4925C662F20067407B /* DropdownButton.swift in Sources */,
				738B1C7025C674120067407B /* ExpenseSettingsViewModel.swift in Sources */,
				738B1C2F25C65EF70067407B /* Configs.swift in Sources */,
				736C721B25CFE8E200720DEA /* LottieView.swift in Sources */,
				738B1C7725C675200067407B /* AddExpenseView.swift in Sources */,
				738B1C8025C6763E0067407B /* ExpenseDetailedView.swift in Sources */,
			);
			runOnlyForDeploymentPostprocessing = 0;
		};
/* End PBXSourcesBuildPhase section */

/* Begin XCBuildConfiguration section */
		738B1C2625C65E060067407B /* Debug */ = {
			isa = XCBuildConfiguration;
			buildSettings = {
				ALWAYS_SEARCH_USER_PATHS = NO;
				CLANG_ANALYZER_NONNULL = YES;
				CLANG_ANALYZER_NUMBER_OBJECT_CONVERSION = YES_AGGRESSIVE;
				CLANG_CXX_LANGUAGE_STANDARD = "gnu++14";
				CLANG_CXX_LIBRARY = "libc++";
				CLANG_ENABLE_MODULES = YES;
				CLANG_ENABLE_OBJC_ARC = YES;
				CLANG_ENABLE_OBJC_WEAK = YES;
				CLANG_WARN_BLOCK_CAPTURE_AUTORELEASING = YES;
				CLANG_WARN_BOOL_CONVERSION = YES;
				CLANG_WARN_COMMA = YES;
				CLANG_WARN_CONSTANT_CONVERSION = YES;
				CLANG_WARN_DEPRECATED_OBJC_IMPLEMENTATIONS = YES;
				CLANG_WARN_DIRECT_OBJC_ISA_USAGE = YES_ERROR;
				CLANG_WARN_DOCUMENTATION_COMMENTS = YES;
				CLANG_WARN_EMPTY_BODY = YES;
				CLANG_WARN_ENUM_CONVERSION = YES;
				CLANG_WARN_INFINITE_RECURSION = YES;
				CLANG_WARN_INT_CONVERSION = YES;
				CLANG_WARN_NON_LITERAL_NULL_CONVERSION = YES;
				CLANG_WARN_OBJC_IMPLICIT_RETAIN_SELF = YES;
				CLANG_WARN_OBJC_LITERAL_CONVERSION = YES;
				CLANG_WARN_OBJC_ROOT_CLASS = YES_ERROR;
				CLANG_WARN_QUOTED_INCLUDE_IN_FRAMEWORK_HEADER = YES;
				CLANG_WARN_RANGE_LOOP_ANALYSIS = YES;
				CLANG_WARN_STRICT_PROTOTYPES = YES;
				CLANG_WARN_SUSPICIOUS_MOVE = YES;
				CLANG_WARN_UNGUARDED_AVAILABILITY = YES_AGGRESSIVE;
				CLANG_WARN_UNREACHABLE_CODE = YES;
				CLANG_WARN__DUPLICATE_METHOD_MATCH = YES;
				COPY_PHASE_STRIP = NO;
				DEBUG_INFORMATION_FORMAT = dwarf;
				ENABLE_STRICT_OBJC_MSGSEND = YES;
				ENABLE_TESTABILITY = YES;
				GCC_C_LANGUAGE_STANDARD = gnu11;
				GCC_DYNAMIC_NO_PIC = NO;
				GCC_NO_COMMON_BLOCKS = YES;
				GCC_OPTIMIZATION_LEVEL = 0;
				GCC_PREPROCESSOR_DEFINITIONS = (
					"DEBUG=1",
					"$(inherited)",
				);
				GCC_WARN_64_TO_32_BIT_CONVERSION = YES;
				GCC_WARN_ABOUT_RETURN_TYPE = YES_ERROR;
				GCC_WARN_UNDECLARED_SELECTOR = YES;
				GCC_WARN_UNINITIALIZED_AUTOS = YES_AGGRESSIVE;
				GCC_WARN_UNUSED_FUNCTION = YES;
				GCC_WARN_UNUSED_VARIABLE = YES;
				IPHONEOS_DEPLOYMENT_TARGET = 14.2;
				MTL_ENABLE_DEBUG_INFO = INCLUDE_SOURCE;
				MTL_FAST_MATH = YES;
				ONLY_ACTIVE_ARCH = YES;
				SDKROOT = iphoneos;
				SWIFT_ACTIVE_COMPILATION_CONDITIONS = DEBUG;
				SWIFT_OPTIMIZATION_LEVEL = "-Onone";
			};
			name = Debug;
		};
		738B1C2725C65E060067407B /* Release */ = {
			isa = XCBuildConfiguration;
			buildSettings = {
				ALWAYS_SEARCH_USER_PATHS = NO;
				CLANG_ANALYZER_NONNULL = YES;
				CLANG_ANALYZER_NUMBER_OBJECT_CONVERSION = YES_AGGRESSIVE;
				CLANG_CXX_LANGUAGE_STANDARD = "gnu++14";
				CLANG_CXX_LIBRARY = "libc++";
				CLANG_ENABLE_MODULES = YES;
				CLANG_ENABLE_OBJC_ARC = YES;
				CLANG_ENABLE_OBJC_WEAK = YES;
				CLANG_WARN_BLOCK_CAPTURE_AUTORELEASING = YES;
				CLANG_WARN_BOOL_CONVERSION = YES;
				CLANG_WARN_COMMA = YES;
				CLANG_WARN_CONSTANT_CONVERSION = YES;
				CLANG_WARN_DEPRECATED_OBJC_IMPLEMENTATIONS = YES;
				CLANG_WARN_DIRECT_OBJC_ISA_USAGE = YES_ERROR;
				CLANG_WARN_DOCUMENTATION_COMMENTS = YES;
				CLANG_WARN_EMPTY_BODY = YES;
				CLANG_WARN_ENUM_CONVERSION = YES;
				CLANG_WARN_INFINITE_RECURSION = YES;
				CLANG_WARN_INT_CONVERSION = YES;
				CLANG_WARN_NON_LITERAL_NULL_CONVERSION = YES;
				CLANG_WARN_OBJC_IMPLICIT_RETAIN_SELF = YES;
				CLANG_WARN_OBJC_LITERAL_CONVERSION = YES;
				CLANG_WARN_OBJC_ROOT_CLASS = YES_ERROR;
				CLANG_WARN_QUOTED_INCLUDE_IN_FRAMEWORK_HEADER = YES;
				CLANG_WARN_RANGE_LOOP_ANALYSIS = YES;
				CLANG_WARN_STRICT_PROTOTYPES = YES;
				CLANG_WARN_SUSPICIOUS_MOVE = YES;
				CLANG_WARN_UNGUARDED_AVAILABILITY = YES_AGGRESSIVE;
				CLANG_WARN_UNREACHABLE_CODE = YES;
				CLANG_WARN__DUPLICATE_METHOD_MATCH = YES;
				COPY_PHASE_STRIP = NO;
				DEBUG_INFORMATION_FORMAT = "dwarf-with-dsym";
				ENABLE_NS_ASSERTIONS = NO;
				ENABLE_STRICT_OBJC_MSGSEND = YES;
				GCC_C_LANGUAGE_STANDARD = gnu11;
				GCC_NO_COMMON_BLOCKS = YES;
				GCC_WARN_64_TO_32_BIT_CONVERSION = YES;
				GCC_WARN_ABOUT_RETURN_TYPE = YES_ERROR;
				GCC_WARN_UNDECLARED_SELECTOR = YES;
				GCC_WARN_UNINITIALIZED_AUTOS = YES_AGGRESSIVE;
				GCC_WARN_UNUSED_FUNCTION = YES;
				GCC_WARN_UNUSED_VARIABLE = YES;
				IPHONEOS_DEPLOYMENT_TARGET = 14.2;
				MTL_ENABLE_DEBUG_INFO = NO;
				MTL_FAST_MATH = YES;
				SDKROOT = iphoneos;
				SWIFT_COMPILATION_MODE = wholemodule;
				SWIFT_OPTIMIZATION_LEVEL = "-O";
				VALIDATE_PRODUCT = YES;
			};
			name = Release;
		};
		738B1C2925C65E060067407B /* Debug */ = {
			isa = XCBuildConfiguration;
			baseConfigurationReference = 2C2D1600DAC62FA04EDCF170 /* Pods-Expenso.debug.xcconfig */;
			buildSettings = {
				ASSETCATALOG_COMPILER_APPICON_NAME = AppIcon;
				ASSETCATALOG_COMPILER_GLOBAL_ACCENT_COLOR_NAME = AccentColor;
				CODE_SIGN_STYLE = Automatic;
				DEVELOPMENT_ASSET_PATHS = "\"Expenso/Preview Content\"";
				DEVELOPMENT_TEAM = GY8LXNR38D;
				ENABLE_PREVIEWS = YES;
				INFOPLIST_FILE = Expenso/Info.plist;
				IPHONEOS_DEPLOYMENT_TARGET = 14.0;
				LD_RUNPATH_SEARCH_PATHS = (
					"$(inherited)",
					"@executable_path/Frameworks",
				);
				PRODUCT_BUNDLE_IDENTIFIER = com.femargent.Expenso;
				PRODUCT_NAME = "$(TARGET_NAME)";
				SWIFT_VERSION = 5.0;
				TARGETED_DEVICE_FAMILY = "1,2";
			};
			name = Debug;
		};
		738B1C2A25C65E060067407B /* Release */ = {
			isa = XCBuildConfiguration;
			baseConfigurationReference = B07E4D1AF457AB52E048A8B5 /* Pods-Expenso.release.xcconfig */;
			buildSettings = {
				ASSETCATALOG_COMPILER_APPICON_NAME = AppIcon;
				ASSETCATALOG_COMPILER_GLOBAL_ACCENT_COLOR_NAME = AccentColor;
				CODE_SIGN_STYLE = Automatic;
				DEVELOPMENT_ASSET_PATHS = "\"Expenso/Preview Content\"";
				DEVELOPMENT_TEAM = GY8LXNR38D;
				ENABLE_PREVIEWS = YES;
				INFOPLIST_FILE = Expenso/Info.plist;
				IPHONEOS_DEPLOYMENT_TARGET = 14.0;
				LD_RUNPATH_SEARCH_PATHS = (
					"$(inherited)",
					"@executable_path/Frameworks",
				);
				PRODUCT_BUNDLE_IDENTIFIER = com.femargent.Expenso;
				PRODUCT_NAME = "$(TARGET_NAME)";
				SWIFT_VERSION = 5.0;
				TARGETED_DEVICE_FAMILY = "1,2";
			};
			name = Release;
		};
/* End XCBuildConfiguration section */

/* Begin XCConfigurationList section */
		738B1C0F25C65DFE0067407B /* Build configuration list for PBXProject "Expenso" */ = {
			isa = XCConfigurationList;
			buildConfigurations = (
				738B1C2625C65E060067407B /* Debug */,
				738B1C2725C65E060067407B /* Release */,
			);
			defaultConfigurationIsVisible = 0;
			defaultConfigurationName = Release;
		};
		738B1C2825C65E060067407B /* Build configuration list for PBXNativeTarget "Expenso" */ = {
			isa = XCConfigurationList;
			buildConfigurations = (
				738B1C2925C65E060067407B /* Debug */,
				738B1C2A25C65E060067407B /* Release */,
			);
			defaultConfigurationIsVisible = 0;
			defaultConfigurationName = Release;
		};
/* End XCConfigurationList section */

/* Begin XCVersionGroup section */
		738B1C2225C65E060067407B /* Expenso.xcdatamodeld */ = {
			isa = XCVersionGroup;
			children = (
				738B1C2325C65E060067407B /* Expenso.xcdatamodel */,
			);
			currentVersion = 738B1C2325C65E060067407B /* Expenso.xcdatamodel */;
			path = Expenso.xcdatamodeld;
			sourceTree = "<group>";
			versionGroupType = wrapper.xcdatamodel;
		};
/* End XCVersionGroup section */
	};
	rootObject = 738B1C0C25C65DFE0067407B /* Project object */;
}
