// !$*UTF8*$!
{
	archiveVersion = 1;
	classes = {
	};
	objectVersion = 50;
	objects = {

/* Begin PBXBuildFile section */
		738B1C1825C65DFE0067407B /* ExpensoApp.swift in Sources */ = {isa = PBXBuildFile; fileRef = 738B1C1725C65DFE0067407B /* ExpensoApp.swift */; };
		738B1C1C25C65E060067407B /* Assets.xcassets in Resources */ = {isa = PBXBuildFile; fileRef = 738B1C1B25C65E060067407B /* Assets.xcassets */; };
		738B1C1F25C65E060067407B /* Preview Assets.xcassets in Resources */ = {isa = PBXBuildFile; fileRef = 738B1C1E25C65E060067407B /* Preview Assets.xcassets */; };
		738B1C2425C65E060067407B /* Expenso.xcdatamodeld in Sources */ = {isa = PBXBuildFile; fileRef = 738B1C2225C65E060067407B /* Expenso.xcdatamodeld */; };
		738B1C2F25C65EF70067407B /* Configs.swift in Sources */ = {isa = PBXBuildFile; fileRef = 738B1C2E25C65EF70067407B /* Configs.swift */; };
		738B1C3325C660140067407B /* ExpenseCD.swift in Sources */ = {isa = PBXBuildFile; fileRef = 738B1C3225C660140067407B /* ExpenseCD.swift */; };
		738B1C3825C661750067407B /* ExpenseView.swift in Sources */ = {isa = PBXBuildFile; fileRef = 738B1C3725C661750067407B /* ExpenseView.swift */; };
		738B1C3C25C662580067407B /* Models.swift in Sources */ = {isa = PBXBuildFile; fileRef = 738B1C3B25C662580067407B /* Models.swift */; };
		738B1C4025C662890067407B /* InterFontModifier.swift in Sources */ = {isa = PBXBuildFile; fileRef = 738B1C3F25C662890067407B /* InterFontModifier.swift */; };
		738B1C4325C6629D0067407B /* ColorExtension.swift in Sources */ = {isa = PBXBuildFile; fileRef = 738B1C4225C6629C0067407B /* ColorExtension.swift */; };
		738B1C4625C662D90067407B /* TextView.swift in Sources */ = {isa = PBXBuildFile; fileRef = 738B1C4525C662D90067407B /* TextView.swift */; };
		738B1C4925C662F20067407B /* DropdownButton.swift in Sources */ = {isa = PBXBuildFile; fileRef = 738B1C4825C662F20067407B /* DropdownButton.swift */; };
		738B1C4C25C663060067407B /* DismissKeyboard.swift in Sources */ = {isa = PBXBuildFile; fileRef = 738B1C4B25C663060067407B /* DismissKeyboard.swift */; };
		738B1C4F25C663180067407B /* DateExtension.swift in Sources */ = {isa = PBXBuildFile; fileRef = 738B1C4E25C663180067407B /* DateExtension.swift */; };
		738B1C5225C6632F0067407B /* HelperMethods.swift in Sources */ = {isa = PBXBuildFile; fileRef = 738B1C5125C6632F0067407B /* HelperMethods.swift */; };
/* End PBXBuildFile section */

/* Begin PBXFileReference section */
		738B1C1425C65DFE0067407B /* Expenso.app */ = {isa = PBXFileReference; explicitFileType = wrapper.application; includeInIndex = 0; path = Expenso.app; sourceTree = BUILT_PRODUCTS_DIR; };
		738B1C1725C65DFE0067407B /* ExpensoApp.swift */ = {isa = PBXFileReference; lastKnownFileType = sourcecode.swift; path = ExpensoApp.swift; sourceTree = "<group>"; };
		738B1C1B25C65E060067407B /* Assets.xcassets */ = {isa = PBXFileReference; lastKnownFileType = folder.assetcatalog; path = Assets.xcassets; sourceTree = "<group>"; };
		738B1C1E25C65E060067407B /* Preview Assets.xcassets */ = {isa = PBXFileReference; lastKnownFileType = folder.assetcatalog; path = "Preview Assets.xcassets"; sourceTree = "<group>"; };
		738B1C2325C65E060067407B /* Expenso.xcdatamodel */ = {isa = PBXFileReference; lastKnownFileType = wrapper.xcdatamodel; path = Expenso.xcdatamodel; sourceTree = "<group>"; };
		738B1C2525C65E060067407B /* Info.plist */ = {isa = PBXFileReference; lastKnownFileType = text.plist.xml; path = Info.plist; sourceTree = "<group>"; };
		738B1C2E25C65EF70067407B /* Configs.swift */ = {isa = PBXFileReference; lastKnownFileType = sourcecode.swift; path = Configs.swift; sourceTree = "<group>"; };
		738B1C3225C660140067407B /* ExpenseCD.swift */ = {isa = PBXFileReference; lastKnownFileType = sourcecode.swift; path = ExpenseCD.swift; sourceTree = "<group>"; };
		738B1C3725C661750067407B /* ExpenseView.swift */ = {isa = PBXFileReference; lastKnownFileType = sourcecode.swift; path = ExpenseView.swift; sourceTree = "<group>"; };
		738B1C3B25C662580067407B /* Models.swift */ = {isa = PBXFileReference; lastKnownFileType = sourcecode.swift; path = Models.swift; sourceTree = "<group>"; };
		738B1C3F25C662890067407B /* InterFontModifier.swift */ = {isa = PBXFileReference; lastKnownFileType = sourcecode.swift; path = InterFontModifier.swift; sourceTree = "<group>"; };
		738B1C4225C6629C0067407B /* ColorExtension.swift */ = {isa = PBXFileReference; lastKnownFileType = sourcecode.swift; path = ColorExtension.swift; sourceTree = "<group>"; };
		738B1C4525C662D90067407B /* TextView.swift */ = {isa = PBXFileReference; lastKnownFileType = sourcecode.swift; path = TextView.swift; sourceTree = "<group>"; };
		738B1C4825C662F20067407B /* DropdownButton.swift */ = {isa = PBXFileReference; lastKnownFileType = sourcecode.swift; path = DropdownButton.swift; sourceTree = "<group>"; };
		738B1C4B25C663060067407B /* DismissKeyboard.swift */ = {isa = PBXFileReference; lastKnownFileType = sourcecode.swift; path = DismissKeyboard.swift; sourceTree = "<group>"; };
		738B1C4E25C663180067407B /* DateExtension.swift */ = {isa = PBXFileReference; lastKnownFileType = sourcecode.swift; path = DateExtension.swift; sourceTree = "<group>"; };
		738B1C5125C6632F0067407B /* HelperMethods.swift */ = {isa = PBXFileReference; lastKnownFileType = sourcecode.swift; path = HelperMethods.swift; sourceTree = "<group>"; };
/* End PBXFileReference section */

/* Begin PBXFrameworksBuildPhase section */
		738B1C1125C65DFE0067407B /* Frameworks */ = {
			isa = PBXFrameworksBuildPhase;
			buildActionMask = 2147483647;
			files = (
			);
			runOnlyForDeploymentPostprocessing = 0;
		};
/* End PBXFrameworksBuildPhase section */

/* Begin PBXGroup section */
		738B1C0B25C65DFE0067407B = {
			isa = PBXGroup;
			children = (
				738B1C1625C65DFE0067407B /* Expenso */,
				738B1C1525C65DFE0067407B /* Products */,
			);
			sourceTree = "<group>";
		};
		738B1C1525C65DFE0067407B /* Products */ = {
			isa = PBXGroup;
			children = (
				738B1C1425C65DFE0067407B /* Expenso.app */,
			);
			name = Products;
			sourceTree = "<group>";
		};
		738B1C1625C65DFE0067407B /* Expenso */ = {
			isa = PBXGroup;
			children = (
				738B1C3A25C662060067407B /* Helpers */,
				738B1C3625C661580067407B /* Expense */,
				738B1C3125C660070067407B /* CoreData */,
				738B1C1725C65DFE0067407B /* ExpensoApp.swift */,
				738B1C1B25C65E060067407B /* Assets.xcassets */,
				738B1C2525C65E060067407B /* Info.plist */,
				738B1C2225C65E060067407B /* Expenso.xcdatamodeld */,
				738B1C1D25C65E060067407B /* Preview Content */,
				738B1C2E25C65EF70067407B /* Configs.swift */,
			);
			path = Expenso;
			sourceTree = "<group>";
		};
		738B1C1D25C65E060067407B /* Preview Content */ = {
			isa = PBXGroup;
			children = (
				738B1C1E25C65E060067407B /* Preview Assets.xcassets */,
			);
			path = "Preview Content";
			sourceTree = "<group>";
		};
		738B1C3125C660070067407B /* CoreData */ = {
			isa = PBXGroup;
			children = (
				738B1C3225C660140067407B /* ExpenseCD.swift */,
			);
			path = CoreData;
			sourceTree = "<group>";
		};
		738B1C3625C661580067407B /* Expense */ = {
			isa = PBXGroup;
			children = (
				738B1C3725C661750067407B /* ExpenseView.swift */,
			);
			path = Expense;
			sourceTree = "<group>";
		};
		738B1C3A25C662060067407B /* Helpers */ = {
			isa = PBXGroup;
			children = (
				738B1C3B25C662580067407B /* Models.swift */,
				738B1C3F25C662890067407B /* InterFontModifier.swift */,
				738B1C4225C6629C0067407B /* ColorExtension.swift */,
				738B1C4525C662D90067407B /* TextView.swift */,
				738B1C4825C662F20067407B /* DropdownButton.swift */,
				738B1C4B25C663060067407B /* DismissKeyboard.swift */,
				738B1C4E25C663180067407B /* DateExtension.swift */,
				738B1C5125C6632F0067407B /* HelperMethods.swift */,
			);
			path = Helpers;
			sourceTree = "<group>";
		};
/* End PBXGroup section */

/* Begin PBXNativeTarget section */
		738B1C1325C65DFE0067407B /* Expenso */ = {
			isa = PBXNativeTarget;
			buildConfigurationList = 738B1C2825C65E060067407B /* Build configuration list for PBXNativeTarget "Expenso" */;
			buildPhases = (
				738B1C1025C65DFE0067407B /* Sources */,
				738B1C1125C65DFE0067407B /* Frameworks */,
				738B1C1225C65DFE0067407B /* Resources */,
			);
			buildRules = (
			);
			dependencies = (
			);
			name = Expenso;
			productName = Expenso;
			productReference = 738B1C1425C65DFE0067407B /* Expenso.app */;
			productType = "com.apple.product-type.application";
		};
/* End PBXNativeTarget section */

/* Begin PBXProject section */
		738B1C0C25C65DFE0067407B /* Project object */ = {
			isa = PBXProject;
			attributes = {
				LastSwiftUpdateCheck = 1220;
				LastUpgradeCheck = 1220;
				TargetAttributes = {
					738B1C1325C65DFE0067407B = {
						CreatedOnToolsVersion = 12.2;
					};
				};
			};
			buildConfigurationList = 738B1C0F25C65DFE0067407B /* Build configuration list for PBXProject "Expenso" */;
			compatibilityVersion = "Xcode 9.3";
			developmentRegion = en;
			hasScannedForEncodings = 0;
			knownRegions = (
				en,
				Base,
			);
			mainGroup = 738B1C0B25C65DFE0067407B;
			productRefGroup = 738B1C1525C65DFE0067407B /* Products */;
			projectDirPath = "";
			projectRoot = "";
			targets = (
				738B1C1325C65DFE0067407B /* Expenso */,
			);
		};
/* End PBXProject section */

/* Begin PBXResourcesBuildPhase section */
		738B1C1225C65DFE0067407B /* Resources */ = {
			isa = PBXResourcesBuildPhase;
			buildActionMask = 2147483647;
			files = (
				738B1C1F25C65E060067407B /* Preview Assets.xcassets in Resources */,
				738B1C1C25C65E060067407B /* Assets.xcassets in Resources */,
			);
			runOnlyForDeploymentPostprocessing = 0;
		};
/* End PBXResourcesBuildPhase section */

/* Begin PBXSourcesBuildPhase section */
		738B1C1025C65DFE0067407B /* Sources */ = {
			isa = PBXSourcesBuildPhase;
			buildActionMask = 2147483647;
			files = (
				738B1C3825C661750067407B /* ExpenseView.swift in Sources */,
				738B1C4F25C663180067407B /* DateExtension.swift in Sources */,
				738B1C5225C6632F0067407B /* HelperMethods.swift in Sources */,
				738B1C2425C65E060067407B /* Expenso.xcdatamodeld in Sources */,
				738B1C3325C660140067407B /* ExpenseCD.swift in Sources */,
				738B1C4325C6629D0067407B /* ColorExtension.swift in Sources */,
				738B1C4025C662890067407B /* InterFontModifier.swift in Sources */,
				738B1C3C25C662580067407B /* Models.swift in Sources */,
				738B1C4C25C663060067407B /* DismissKeyboard.swift in Sources */,
				738B1C4625C662D90067407B /* TextView.swift in Sources */,
				738B1C1825C65DFE0067407B /* ExpensoApp.swift in Sources */,
				738B1C4925C662F20067407B /* DropdownButton.swift in Sources */,
				738B1C2F25C65EF70067407B /* Configs.swift in Sources */,
			);
			runOnlyForDeploymentPostprocessing = 0;
		};
/* End PBXSourcesBuildPhase section */

/* Begin XCBuildConfiguration section */
		738B1C2625C65E060067407B /* Debug */ = {
			isa = XCBuildConfiguration;
			buildSettings = {
				ALWAYS_SEARCH_USER_PATHS = NO;
				CLANG_ANALYZER_NONNULL = YES;
				CLANG_ANALYZER_NUMBER_OBJECT_CONVERSION = YES_AGGRESSIVE;
				CLANG_CXX_LANGUAGE_STANDARD = "gnu++14";
				CLANG_CXX_LIBRARY = "libc++";
				CLANG_ENABLE_MODULES = YES;
				CLANG_ENABLE_OBJC_ARC = YES;
				CLANG_ENABLE_OBJC_WEAK = YES;
				CLANG_WARN_BLOCK_CAPTURE_AUTORELEASING = YES;
				CLANG_WARN_BOOL_CONVERSION = YES;
				CLANG_WARN_COMMA = YES;
				CLANG_WARN_CONSTANT_CONVERSION = YES;
				CLANG_WARN_DEPRECATED_OBJC_IMPLEMENTATIONS = YES;
				CLANG_WARN_DIRECT_OBJC_ISA_USAGE = YES_ERROR;
				CLANG_WARN_DOCUMENTATION_COMMENTS = YES;
				CLANG_WARN_EMPTY_BODY = YES;
				CLANG_WARN_ENUM_CONVERSION = YES;
				CLANG_WARN_INFINITE_RECURSION = YES;
				CLANG_WARN_INT_CONVERSION = YES;
				CLANG_WARN_NON_LITERAL_NULL_CONVERSION = YES;
				CLANG_WARN_OBJC_IMPLICIT_RETAIN_SELF = YES;
				CLANG_WARN_OBJC_LITERAL_CONVERSION = YES;
				CLANG_WARN_OBJC_ROOT_CLASS = YES_ERROR;
				CLANG_WARN_QUOTED_INCLUDE_IN_FRAMEWORK_HEADER = YES;
				CLANG_WARN_RANGE_LOOP_ANALYSIS = YES;
				CLANG_WARN_STRICT_PROTOTYPES = YES;
				CLANG_WARN_SUSPICIOUS_MOVE = YES;
				CLANG_WARN_UNGUARDED_AVAILABILITY = YES_AGGRESSIVE;
				CLANG_WARN_UNREACHABLE_CODE = YES;
				CLANG_WARN__DUPLICATE_METHOD_MATCH = YES;
				COPY_PHASE_STRIP = NO;
				DEBUG_INFORMATION_FORMAT = dwarf;
				ENABLE_STRICT_OBJC_MSGSEND = YES;
				ENABLE_TESTABILITY = YES;
				GCC_C_LANGUAGE_STANDARD = gnu11;
				GCC_DYNAMIC_NO_PIC = NO;
				GCC_NO_COMMON_BLOCKS = YES;
				GCC_OPTIMIZATION_LEVEL = 0;
				GCC_PREPROCESSOR_DEFINITIONS = (
					"DEBUG=1",
					"$(inherited)",
				);
				GCC_WARN_64_TO_32_BIT_CONVERSION = YES;
				GCC_WARN_ABOUT_RETURN_TYPE = YES_ERROR;
				GCC_WARN_UNDECLARED_SELECTOR = YES;
				GCC_WARN_UNINITIALIZED_AUTOS = YES_AGGRESSIVE;
				GCC_WARN_UNUSED_FUNCTION = YES;
				GCC_WARN_UNUSED_VARIABLE = YES;
				IPHONEOS_DEPLOYMENT_TARGET = 14.2;
				MTL_ENABLE_DEBUG_INFO = INCLUDE_SOURCE;
				MTL_FAST_MATH = YES;
				ONLY_ACTIVE_ARCH = YES;
				SDKROOT = iphoneos;
				SWIFT_ACTIVE_COMPILATION_CONDITIONS = DEBUG;
				SWIFT_OPTIMIZATION_LEVEL = "-Onone";
			};
			name = Debug;
		};
		738B1C2725C65E060067407B /* Release */ = {
			isa = XCBuildConfiguration;
			buildSettings = {
				ALWAYS_SEARCH_USER_PATHS = NO;
				CLANG_ANALYZER_NONNULL = YES;
				CLANG_ANALYZER_NUMBER_OBJECT_CONVERSION = YES_AGGRESSIVE;
				CLANG_CXX_LANGUAGE_STANDARD = "gnu++14";
				CLANG_CXX_LIBRARY = "libc++";
				CLANG_ENABLE_MODULES = YES;
				CLANG_ENABLE_OBJC_ARC = YES;
				CLANG_ENABLE_OBJC_WEAK = YES;
				CLANG_WARN_BLOCK_CAPTURE_AUTORELEASING = YES;
				CLANG_WARN_BOOL_CONVERSION = YES;
				CLANG_WARN_COMMA = YES;
				CLANG_WARN_CONSTANT_CONVERSION = YES;
				CLANG_WARN_DEPRECATED_OBJC_IMPLEMENTATIONS = YES;
				CLANG_WARN_DIRECT_OBJC_ISA_USAGE = YES_ERROR;
				CLANG_WARN_DOCUMENTATION_COMMENTS = YES;
				CLANG_WARN_EMPTY_BODY = YES;
				CLANG_WARN_ENUM_CONVERSION = YES;
				CLANG_WARN_INFINITE_RECURSION = YES;
				CLANG_WARN_INT_CONVERSION = YES;
				CLANG_WARN_NON_LITERAL_NULL_CONVERSION = YES;
				CLANG_WARN_OBJC_IMPLICIT_RETAIN_SELF = YES;
				CLANG_WARN_OBJC_LITERAL_CONVERSION = YES;
				CLANG_WARN_OBJC_ROOT_CLASS = YES_ERROR;
				CLANG_WARN_QUOTED_INCLUDE_IN_FRAMEWORK_HEADER = YES;
				CLANG_WARN_RANGE_LOOP_ANALYSIS = YES;
				CLANG_WARN_STRICT_PROTOTYPES = YES;
				CLANG_WARN_SUSPICIOUS_MOVE = YES;
				CLANG_WARN_UNGUARDED_AVAILABILITY = YES_AGGRESSIVE;
				CLANG_WARN_UNREACHABLE_CODE = YES;
				CLANG_WARN__DUPLICATE_METHOD_MATCH = YES;
				COPY_PHASE_STRIP = NO;
				DEBUG_INFORMATION_FORMAT = "dwarf-with-dsym";
				ENABLE_NS_ASSERTIONS = NO;
				ENABLE_STRICT_OBJC_MSGSEND = YES;
				GCC_C_LANGUAGE_STANDARD = gnu11;
				GCC_NO_COMMON_BLOCKS = YES;
				GCC_WARN_64_TO_32_BIT_CONVERSION = YES;
				GCC_WARN_ABOUT_RETURN_TYPE = YES_ERROR;
				GCC_WARN_UNDECLARED_SELECTOR = YES;
				GCC_WARN_UNINITIALIZED_AUTOS = YES_AGGRESSIVE;
				GCC_WARN_UNUSED_FUNCTION = YES;
				GCC_WARN_UNUSED_VARIABLE = YES;
				IPHONEOS_DEPLOYMENT_TARGET = 14.2;
				MTL_ENABLE_DEBUG_INFO = NO;
				MTL_FAST_MATH = YES;
				SDKROOT = iphoneos;
				SWIFT_COMPILATION_MODE = wholemodule;
				SWIFT_OPTIMIZATION_LEVEL = "-O";
				VALIDATE_PRODUCT = YES;
			};
			name = Release;
		};
		738B1C2925C65E060067407B /* Debug */ = {
			isa = XCBuildConfiguration;
			buildSettings = {
				ASSETCATALOG_COMPILER_APPICON_NAME = AppIcon;
				ASSETCATALOG_COMPILER_GLOBAL_ACCENT_COLOR_NAME = AccentColor;
				CODE_SIGN_STYLE = Automatic;
				DEVELOPMENT_ASSET_PATHS = "\"Expenso/Preview Content\"";
				DEVELOPMENT_TEAM = GY8LXNR38D;
				ENABLE_PREVIEWS = YES;
				INFOPLIST_FILE = Expenso/Info.plist;
				IPHONEOS_DEPLOYMENT_TARGET = 14.0;
				LD_RUNPATH_SEARCH_PATHS = (
					"$(inherited)",
					"@executable_path/Frameworks",
				);
				PRODUCT_BUNDLE_IDENTIFIER = com.femargent.Expenso;
				PRODUCT_NAME = "$(TARGET_NAME)";
				SWIFT_VERSION = 5.0;
				TARGETED_DEVICE_FAMILY = "1,2";
			};
			name = Debug;
		};
		738B1C2A25C65E060067407B /* Release */ = {
			isa = XCBuildConfiguration;
			buildSettings = {
				ASSETCATALOG_COMPILER_APPICON_NAME = AppIcon;
				ASSETCATALOG_COMPILER_GLOBAL_ACCENT_COLOR_NAME = AccentColor;
				CODE_SIGN_STYLE = Automatic;
				DEVELOPMENT_ASSET_PATHS = "\"Expenso/Preview Content\"";
				DEVELOPMENT_TEAM = GY8LXNR38D;
				ENABLE_PREVIEWS = YES;
				INFOPLIST_FILE = Expenso/Info.plist;
				IPHONEOS_DEPLOYMENT_TARGET = 14.0;
				LD_RUNPATH_SEARCH_PATHS = (
					"$(inherited)",
					"@executable_path/Frameworks",
				);
				PRODUCT_BUNDLE_IDENTIFIER = com.femargent.Expenso;
				PRODUCT_NAME = "$(TARGET_NAME)";
				SWIFT_VERSION = 5.0;
				TARGETED_DEVICE_FAMILY = "1,2";
			};
			name = Release;
		};
/* End XCBuildConfiguration section */

/* Begin XCConfigurationList section */
		738B1C0F25C65DFE0067407B /* Build configuration list for PBXProject "Expenso" */ = {
			isa = XCConfigurationList;
			buildConfigurations = (
				738B1C2625C65E060067407B /* Debug */,
				738B1C2725C65E060067407B /* Release */,
			);
			defaultConfigurationIsVisible = 0;
			defaultConfigurationName = Release;
		};
		738B1C2825C65E060067407B /* Build configuration list for PBXNativeTarget "Expenso" */ = {
			isa = XCConfigurationList;
			buildConfigurations = (
				738B1C2925C65E060067407B /* Debug */,
				738B1C2A25C65E060067407B /* Release */,
			);
			defaultConfigurationIsVisible = 0;
			defaultConfigurationName = Release;
		};
/* End XCConfigurationList section */

/* Begin XCVersionGroup section */
		738B1C2225C65E060067407B /* Expenso.xcdatamodeld */ = {
			isa = XCVersionGroup;
			children = (
				738B1C2325C65E060067407B /* Expenso.xcdatamodel */,
			);
			currentVersion = 738B1C2325C65E060067407B /* Expenso.xcdatamodel */;
			path = Expenso.xcdatamodeld;
			sourceTree = "<group>";
			versionGroupType = wrapper.xcdatamodel;
		};
/* End XCVersionGroup section */
	};
	rootObject = 738B1C0C25C65DFE0067407B /* Project object */;
}
